
Microsoft Visual Studio Solution File, Format Version 12.00
# Visual Studio 15
VisualStudioVersion = 15.0.28307.271
MinimumVisualStudioVersion = 10.0.40219.1
Project("{FAE04EC0-301F-11D3-BF4B-00C04F79EFBC}") = "WebApplicationXlsParser", "WebApplicationXlsParser\WebApplicationXlsParser.csproj", "{7DB3F01F-1C49-49DD-B90C-9718AB048036}"
EndProject
Project("{FAE04EC0-301F-11D3-BF4B-00C04F79EFBC}") = "MVCwithBasicAuth", "MVCwithBasicAuth\MVCwithBasicAuth.csproj", "{1591802F-6A74-4FDA-8A91-E26AC6977187}"
EndProject
Global
	GlobalSection(SolutionConfigurationPlatforms) = preSolution
		Debug|Any CPU = Debug|Any CPU
		Release|Any CPU = Release|Any CPU
	EndGlobalSection
	GlobalSection(ProjectConfigurationPlatforms) = postSolution
		{7DB3F01F-1C49-49DD-B90C-9718AB048036}.Debug|Any CPU.ActiveCfg = Debug|Any CPU
		{7DB3F01F-1C49-49DD-B90C-9718AB048036}.Debug|Any CPU.Build.0 = Debug|Any CPU
		{7DB3F01F-1C49-49DD-B90C-9718AB048036}.Release|Any CPU.ActiveCfg = Release|Any CPU
		{7DB3F01F-1C49-49DD-B90C-9718AB048036}.Release|Any CPU.Build.0 = Release|Any CPU
		{1591802F-6A74-4FDA-8A91-E26AC6977187}.Debug|Any CPU.ActiveCfg = Debug|Any CPU
		{1591802F-6A74-4FDA-8A91-E26AC6977187}.Debug|Any CPU.Build.0 = Debug|Any CPU
		{1591802F-6A74-4FDA-8A91-E26AC6977187}.Release|Any CPU.ActiveCfg = Release|Any CPU
		{1591802F-6A74-4FDA-8A91-E26AC6977187}.Release|Any CPU.Build.0 = Release|Any CPU
	EndGlobalSection
	GlobalSection(SolutionProperties) = preSolution
		HideSolutionNode = FALSE
	EndGlobalSection
	GlobalSection(ExtensibilityGlobals) = postSolution
		SolutionGuid = {6E5FBAA4-6D68-41F9-9BA7-000D2B513001}
	EndGlobalSection
EndGlobal
